
Microsoft Visual Studio Solution File, Format Version 12.00
# Visual Studio Version 16
VisualStudioVersion = 16.0.30517.126
MinimumVisualStudioVersion = 10.0.40219.1
Project("{9A19103F-16F7-4668-BE54-9A1E7A4F7556}") = "AssistPurchase", "AssistPurchase\AssistPurchase.csproj", "{F8273DAC-D045-46E2-86C7-2779682DE179}"
EndProject
Project("{9A19103F-16F7-4668-BE54-9A1E7A4F7556}") = "DatabaseContractor", "DatabaseContractor\DatabaseContractor.csproj", "{3A40F4B9-006F-4FF1-8B59-72E2258B2C34}"
EndProject
Project("{9A19103F-16F7-4668-BE54-9A1E7A4F7556}") = "AssistPurchaseTest", "AssistPurchaseTest\AssistPurchaseTest.csproj", "{9B8426C4-D713-4055-A0CE-4BCB8FA10EEA}"
EndProject
Project("{FAE04EC0-301F-11D3-BF4B-00C04F79EFBC}") = "DatabaseManager", "DatabaseManager\DatabaseManager.csproj", "{F7A8FE59-6E7A-4BA1-ACB8-10086DB7F8DF}"
EndProject
Global
	GlobalSection(SolutionConfigurationPlatforms) = preSolution
		Debug|Any CPU = Debug|Any CPU
		Release|Any CPU = Release|Any CPU
	EndGlobalSection
	GlobalSection(ProjectConfigurationPlatforms) = postSolution
		{F8273DAC-D045-46E2-86C7-2779682DE179}.Debug|Any CPU.ActiveCfg = Debug|Any CPU
		{F8273DAC-D045-46E2-86C7-2779682DE179}.Debug|Any CPU.Build.0 = Debug|Any CPU
		{F8273DAC-D045-46E2-86C7-2779682DE179}.Release|Any CPU.ActiveCfg = Release|Any CPU
		{F8273DAC-D045-46E2-86C7-2779682DE179}.Release|Any CPU.Build.0 = Release|Any CPU
		{3A40F4B9-006F-4FF1-8B59-72E2258B2C34}.Debug|Any CPU.ActiveCfg = Debug|Any CPU
		{3A40F4B9-006F-4FF1-8B59-72E2258B2C34}.Debug|Any CPU.Build.0 = Debug|Any CPU
		{3A40F4B9-006F-4FF1-8B59-72E2258B2C34}.Release|Any CPU.ActiveCfg = Release|Any CPU
		{3A40F4B9-006F-4FF1-8B59-72E2258B2C34}.Release|Any CPU.Build.0 = Release|Any CPU
		{9B8426C4-D713-4055-A0CE-4BCB8FA10EEA}.Debug|Any CPU.ActiveCfg = Debug|Any CPU
		{9B8426C4-D713-4055-A0CE-4BCB8FA10EEA}.Debug|Any CPU.Build.0 = Debug|Any CPU
		{9B8426C4-D713-4055-A0CE-4BCB8FA10EEA}.Release|Any CPU.ActiveCfg = Release|Any CPU
		{9B8426C4-D713-4055-A0CE-4BCB8FA10EEA}.Release|Any CPU.Build.0 = Release|Any CPU
		{F7A8FE59-6E7A-4BA1-ACB8-10086DB7F8DF}.Debug|Any CPU.ActiveCfg = Debug|Any CPU
		{F7A8FE59-6E7A-4BA1-ACB8-10086DB7F8DF}.Debug|Any CPU.Build.0 = Debug|Any CPU
		{F7A8FE59-6E7A-4BA1-ACB8-10086DB7F8DF}.Release|Any CPU.ActiveCfg = Release|Any CPU
		{F7A8FE59-6E7A-4BA1-ACB8-10086DB7F8DF}.Release|Any CPU.Build.0 = Release|Any CPU
	EndGlobalSection
	GlobalSection(SolutionProperties) = preSolution
		HideSolutionNode = FALSE
	EndGlobalSection
	GlobalSection(ExtensibilityGlobals) = postSolution
		SolutionGuid = {5091C9D1-8463-4383-9678-8B730F2A984E}
	EndGlobalSection
EndGlobal
